Microsoft Visual Studio Solution File, Format Version 12.00
# Visual Studio Version 17
VisualStudioVersion = 17.5.2.0
MinimumVisualStudioVersion = 10.0.40219.1
Project("{2150E333-8FDC-42A3-9474-1A3956D46DE8}") = "CSharp", "CSharp", "{B41BF331-FCCB-2ADF-CDB6-767964B34647}"
EndProject
Project("{2150E333-8FDC-42A3-9474-1A3956D46DE8}") = "01-csharp-write-first", "01-csharp-write-first", "{B36FA544-CB46-8081-A89B-230FCD34FD32}"
EndProject
Project("{FAE04EC0-301F-11D3-BF4B-00C04F79EFBC}") = "01-hello-world", "CSharp\01-csharp-write-first\01-hello-world\01-hello-world.csproj", "{D741C9FD-B14D-DD4C-DD20-2B07949E8610}"
EndProject
Global
	GlobalSection(SolutionConfigurationPlatforms) = preSolution
		Debug|Any CPU = Debug|Any CPU
		Release|Any CPU = Release|Any CPU
	EndGlobalSection
	GlobalSection(ProjectConfigurationPlatforms) = postSolution
		{D741C9FD-B14D-DD4C-DD20-2B07949E8610}.Debug|Any CPU.ActiveCfg = Debug|Any CPU
		{D741C9FD-B14D-DD4C-DD20-2B07949E8610}.Debug|Any CPU.Build.0 = Debug|Any CPU
		{D741C9FD-B14D-DD4C-DD20-2B07949E8610}.Release|Any CPU.ActiveCfg = Release|Any CPU
		{D741C9FD-B14D-DD4C-DD20-2B07949E8610}.Release|Any CPU.Build.0 = Release|Any CPU
	EndGlobalSection
	GlobalSection(SolutionProperties) = preSolution
		HideSolutionNode = FALSE
	EndGlobalSection
	GlobalSection(NestedProjects) = preSolution
		{B36FA544-CB46-8081-A89B-230FCD34FD32} = {B41BF331-FCCB-2ADF-CDB6-767964B34647}
		{D741C9FD-B14D-DD4C-DD20-2B07949E8610} = {B36FA544-CB46-8081-A89B-230FCD34FD32}
	EndGlobalSection
	GlobalSection(ExtensibilityGlobals) = postSolution
		SolutionGuid = {5BE9616A-CFF8-4120-96B1-DE44810194BD}
	EndGlobalSection
EndGlobal
