Microsoft Visual Studio Solution File, Format Version 12.00
# Visual Studio Version 17
VisualStudioVersion = 17.5.2.0
MinimumVisualStudioVersion = 10.0.40219.1
Project("{FAE04EC0-301F-11D3-BF4B-00C04F79EFBC}") = "ExcelReaderWriter", "ExcelReaderWriter.csproj", "{0A91D36C-0869-D96D-57CF-F9EAC4AAAACA}"
EndProject
Global
	GlobalSection(SolutionConfigurationPlatforms) = preSolution
		Debug|Any CPU = Debug|Any CPU
		Release|Any CPU = Release|Any CPU
	EndGlobalSection
	GlobalSection(ProjectConfigurationPlatforms) = postSolution
		{0A91D36C-0869-D96D-57CF-F9EAC4AAAACA}.Debug|Any CPU.ActiveCfg = Debug|Any CPU
		{0A91D36C-0869-D96D-57CF-F9EAC4AAAACA}.Debug|Any CPU.Build.0 = Debug|Any CPU
		{0A91D36C-0869-D96D-57CF-F9EAC4AAAACA}.Release|Any CPU.ActiveCfg = Release|Any CPU
		{0A91D36C-0869-D96D-57CF-F9EAC4AAAACA}.Release|Any CPU.Build.0 = Release|Any CPU
	EndGlobalSection
	GlobalSection(SolutionProperties) = preSolution
		HideSolutionNode = FALSE
	EndGlobalSection
	GlobalSection(ExtensibilityGlobals) = postSolution
		SolutionGuid = {78E164CA-C696-4958-BD25-867F98138186}
	EndGlobalSection
EndGlobal
